{
    "_readme": [
        "This file locks the dependencies of your project to a known state",
        "Read more about it at https://getcomposer.org/doc/01-basic-usage.md#composer-lock-the-lock-file",
        "This file is @generated automatically"
    ],
    "content-hash": "b9c7e0499c2150309ce495e06f4102af",
    "packages": [],
    "packages-dev": [
        {
            "name": "rebel-l/sisa",
            "version": "2.2.3",
            "source": {
                "type": "git",
                "url": "https://bitbucket.org/Rebel-L/sisa.git",
                "reference": "e17a346fd18e7acffbeb3567483309fc21d519c1"
            },
            "dist": {
                "type": "zip",
                "url": "https://bitbucket.org/Rebel-L/sisa/get/e17a346fd18e7acffbeb3567483309fc21d519c1.zip",
                "reference": "e17a346fd18e7acffbeb3567483309fc21d519c1",
                "shasum": ""
            },
            "type": "project",
            "notification-url": "https://packagist.org/downloads/",
            "license": [
                "GPL-3.0"
            ],
            "authors": [
                {
                    "name": "Rebel L",
                    "email": "dj@rebel-l.net",
                    "homepage": "https://bitbucket.org/Rebel-L",
                    "role": "CTO"
                }
            ],
            "description": "This package provides you chef cookbooks for setting up servers for web applications based on PHP, NodeJS, Golang or Docker using Vagrant, Virtual Box and Chef Solo. You'll find more details in the README.md",
            "homepage": "https://bitbucket.org/Rebel-L/sisa",
            "keywords": [
                "chef",
                "configuration management",
                "provisioning",
                "server"
            ],
            "time": "2017-02-12T22:15:59+00:00"
        }
    ],
    "aliases": [],
    "minimum-stability": "stable",
    "stability-flags": [],
    "prefer-stable": false,
    "prefer-lowest": false,
    "platform": [],
    "platform-dev": []
}
