hash: c57657df7a456ef8b6d8e76be96532283db35d0e0373d7522a6a0464bdf3ab46
updated: 2017-02-12T23:41:19.410196476+01:00
imports:
- name: github.com/gorilla/context
  version: 08b5f424b9271eedf6f9f0ce86cb9396ed337a42
- name: github.com/gorilla/mux
  version: 392c28fe23e1c45ddba891b0320b3b5df220beea
- name: gopkg.in/redis.v5
  version: 2fe9c5cc0a8da9faeba3a45511a4ece8f7e37dc2
  subpackages:
  - internal
  - internal/consistenthash
  - internal/hashtag
  - internal/pool
  - internal/proto
testImports: []
